
Microsoft Visual Studio Solution File, Format Version 12.00
# Visual Studio Version 16
VisualStudioVersion = 16.0.31729.503
MinimumVisualStudioVersion = 10.0.40219.1
Project("{8BC9CEB8-8B4A-11D0-8D11-00A0C91BC942}") = "trojuholnik_1", "trojuholnik_1.vcxproj", "{F7B7EB7F-A36F-4641-98AD-555C973F9D07}"
EndProject
Global
	GlobalSection(SolutionConfigurationPlatforms) = preSolution
		Debug|x64 = Debug|x64
		Debug|x86 = Debug|x86
		Release|x64 = Release|x64
		Release|x86 = Release|x86
	EndGlobalSection
	GlobalSection(ProjectConfigurationPlatforms) = postSolution
		{F7B7EB7F-A36F-4641-98AD-555C973F9D07}.Debug|x64.ActiveCfg = Debug|x64
		{F7B7EB7F-A36F-4641-98AD-555C973F9D07}.Debug|x64.Build.0 = Debug|x64
		{F7B7EB7F-A36F-4641-98AD-555C973F9D07}.Debug|x86.ActiveCfg = Debug|Win32
		{F7B7EB7F-A36F-4641-98AD-555C973F9D07}.Debug|x86.Build.0 = Debug|Win32
		{F7B7EB7F-A36F-4641-98AD-555C973F9D07}.Release|x64.ActiveCfg = Release|x64
		{F7B7EB7F-A36F-4641-98AD-555C973F9D07}.Release|x64.Build.0 = Release|x64
		{F7B7EB7F-A36F-4641-98AD-555C973F9D07}.Release|x86.ActiveCfg = Release|Win32
		{F7B7EB7F-A36F-4641-98AD-555C973F9D07}.Release|x86.Build.0 = Release|Win32
	EndGlobalSection
	GlobalSection(SolutionProperties) = preSolution
		HideSolutionNode = FALSE
	EndGlobalSection
	GlobalSection(ExtensibilityGlobals) = postSolution
		SolutionGuid = {D2D6AEE6-4F25-4FE5-AA6B-8DAE376F5C59}
	EndGlobalSection
EndGlobal
